# This file is automatically @generated by Cargo.
# It is not intended for manual editing.
version = 3

[[package]]
name = "asm-analyzer"
version = "0.1.0"
dependencies = [
 "capstone",
]

[[package]]
name = "bitflags"
version = "1.3.2"
source = "registry+https://github.com/rust-lang/crates.io-index"
checksum = "bef38d45163c2f1dde094a7dfd33ccf595c92905c8f8f4fdc18d06fb1037718a"

[[package]]
name = "capstone"
version = "0.11.0"
source = "registry+https://github.com/rust-lang/crates.io-index"
checksum = "1097e608594dad3bad608295567f757742b883606fe150faf7a9740b849730d8"
dependencies = [
 "capstone-sys",
 "libc",
]

[[package]]
name = "capstone-sys"
version = "0.15.0"
source = "registry+https://github.com/rust-lang/crates.io-index"
checksum = "2e7f651d5ec4c2a2e6c508f2c8032655003cd728ec85663e9796616990e25b5a"
dependencies = [
 "cc",
 "libc",
]

[[package]]
name = "cc"
version = "1.0.73"
source = "registry+https://github.com/rust-lang/crates.io-index"
checksum = "2fff2a6927b3bb87f9595d67196a70493f627687a71d87a0d692242c33f58c11"

[[package]]
name = "libc"
version = "0.2.127"
source = "registry+https://github.com/rust-lang/crates.io-index"
checksum = "505e71a4706fa491e9b1b55f51b95d4037d0821ee40131190475f692b35b009b"

[[package]]
name = "unreal-camera-injector"
version = "0.1.0"
dependencies = [
 "unreal-sdk",
]

[[package]]
name = "unreal-sdk"
version = "0.1.0"
dependencies = [
 "bitflags",
]

[[package]]
name = "unreal-vr-launcher"
version = "0.1.0"

[[package]]
name = "unreal-vr-runtime"
version = "0.1.0"
dependencies = [
 "unreal-camera-injector",
]
