
Microsoft Visual Studio Solution File, Format Version 12.00
# Visual Studio Version 17
VisualStudioVersion = 17.2.32210.308
MinimumVisualStudioVersion = 10.0.40219.1
Project("{8BC9CEB8-8B4A-11D0-8D11-00A0C91BC942}") = "UnrealVRLauncher", "UnrealVRLauncher\UnrealVRLauncher.vcxproj", "{E6A268ED-3DFE-4D21-A01B-1E77422D9A8E}"
EndProject
Project("{8BC9CEB8-8B4A-11D0-8D11-00A0C91BC942}") = "UnrealVRLoader", "UnrealVRLoader\UnrealVRLoader.vcxproj", "{D6615132-07AE-494B-91B0-84C8BD5EFF23}"
EndProject
Project("{8BC9CEB8-8B4A-11D0-8D11-00A0C91BC942}") = "UnrealVRCommon", "UnrealVRCommon\UnrealVRCommon.vcxproj", "{03F82E21-AAC2-4922-8C1B-CFE3C40503B4}"
EndProject
Global
	GlobalSection(SolutionConfigurationPlatforms) = preSolution
		Debug|x64 = Debug|x64
		Debug|x86 = Debug|x86
		Release|x64 = Release|x64
		Release|x86 = Release|x86
	EndGlobalSection
	GlobalSection(ProjectConfigurationPlatforms) = postSolution
		{E6A268ED-3DFE-4D21-A01B-1E77422D9A8E}.Debug|x64.ActiveCfg = Debug|x64
		{E6A268ED-3DFE-4D21-A01B-1E77422D9A8E}.Debug|x64.Build.0 = Debug|x64
		{E6A268ED-3DFE-4D21-A01B-1E77422D9A8E}.Debug|x86.ActiveCfg = Debug|Win32
		{E6A268ED-3DFE-4D21-A01B-1E77422D9A8E}.Debug|x86.Build.0 = Debug|Win32
		{E6A268ED-3DFE-4D21-A01B-1E77422D9A8E}.Release|x64.ActiveCfg = Release|x64
		{E6A268ED-3DFE-4D21-A01B-1E77422D9A8E}.Release|x64.Build.0 = Release|x64
		{E6A268ED-3DFE-4D21-A01B-1E77422D9A8E}.Release|x86.ActiveCfg = Release|Win32
		{E6A268ED-3DFE-4D21-A01B-1E77422D9A8E}.Release|x86.Build.0 = Release|Win32
		{D6615132-07AE-494B-91B0-84C8BD5EFF23}.Debug|x64.ActiveCfg = Debug|x64
		{D6615132-07AE-494B-91B0-84C8BD5EFF23}.Debug|x64.Build.0 = Debug|x64
		{D6615132-07AE-494B-91B0-84C8BD5EFF23}.Debug|x86.ActiveCfg = Debug|Win32
		{D6615132-07AE-494B-91B0-84C8BD5EFF23}.Debug|x86.Build.0 = Debug|Win32
		{D6615132-07AE-494B-91B0-84C8BD5EFF23}.Release|x64.ActiveCfg = Release|x64
		{D6615132-07AE-494B-91B0-84C8BD5EFF23}.Release|x64.Build.0 = Release|x64
		{D6615132-07AE-494B-91B0-84C8BD5EFF23}.Release|x86.ActiveCfg = Release|Win32
		{D6615132-07AE-494B-91B0-84C8BD5EFF23}.Release|x86.Build.0 = Release|Win32
		{03F82E21-AAC2-4922-8C1B-CFE3C40503B4}.Debug|x64.ActiveCfg = Debug|x64
		{03F82E21-AAC2-4922-8C1B-CFE3C40503B4}.Debug|x64.Build.0 = Debug|x64
		{03F82E21-AAC2-4922-8C1B-CFE3C40503B4}.Debug|x86.ActiveCfg = Debug|Win32
		{03F82E21-AAC2-4922-8C1B-CFE3C40503B4}.Debug|x86.Build.0 = Debug|Win32
		{03F82E21-AAC2-4922-8C1B-CFE3C40503B4}.Release|x64.ActiveCfg = Release|x64
		{03F82E21-AAC2-4922-8C1B-CFE3C40503B4}.Release|x64.Build.0 = Release|x64
		{03F82E21-AAC2-4922-8C1B-CFE3C40503B4}.Release|x86.ActiveCfg = Release|Win32
		{03F82E21-AAC2-4922-8C1B-CFE3C40503B4}.Release|x86.Build.0 = Release|Win32
	EndGlobalSection
	GlobalSection(SolutionProperties) = preSolution
		HideSolutionNode = FALSE
	EndGlobalSection
	GlobalSection(ExtensibilityGlobals) = postSolution
		SolutionGuid = {59EE696C-5345-4B77-8BE2-BCA76CA5CDC6}
	EndGlobalSection
EndGlobal
