
Microsoft Visual Studio Solution File, Format Version 12.00
# Visual Studio Version 17
VisualStudioVersion = 17.2.32210.308
MinimumVisualStudioVersion = 10.0.40219.1
Project("{8BC9CEB8-8B4A-11D0-8D11-00A0C91BC942}") = "UnrealVRLauncher", "UnrealVRLauncher\UnrealVRLauncher.vcxproj", "{E6A268ED-3DFE-4D21-A01B-1E77422D9A8E}"
	ProjectSection(ProjectDependencies) = postProject
		{D6615132-07AE-494B-91B0-84C8BD5EFF23} = {D6615132-07AE-494B-91B0-84C8BD5EFF23}
	EndProjectSection
EndProject
Project("{8BC9CEB8-8B4A-11D0-8D11-00A0C91BC942}") = "UnrealVRLoader", "UnrealVRLoader\UnrealVRLoader.vcxproj", "{D6615132-07AE-494B-91B0-84C8BD5EFF23}"
EndProject
Project("{8BC9CEB8-8B4A-11D0-8D11-00A0C91BC942}") = "UnrealVRMod", "UnrealVRMod\UnrealVRMod.vcxproj", "{86FDB38F-C505-48F3-9ED6-3AD815066D59}"
	ProjectSection(ProjectDependencies) = postProject
		{DE3BC2AD-2683-4D76-AD72-95D98164E9C7} = {DE3BC2AD-2683-4D76-AD72-95D98164E9C7}
	EndProjectSection
EndProject
Project("{8BC9CEB8-8B4A-11D0-8D11-00A0C91BC942}") = "libMinHook", "minhook\build\VC16\libMinHook.vcxproj", "{F142A341-5EE0-442D-A15F-98AE9B48DBAE}"
EndProject
Project("{8BC9CEB8-8B4A-11D0-8D11-00A0C91BC942}") = "UnrealEngineModLoader", "UnrealModLoader\UnrealEngineModLoader\UnrealEngineModLoader.vcxproj", "{DE3BC2AD-2683-4D76-AD72-95D98164E9C7}"
EndProject
Global
	GlobalSection(SolutionConfigurationPlatforms) = preSolution
		Release|x64 = Release|x64
	EndGlobalSection
	GlobalSection(ProjectConfigurationPlatforms) = postSolution
		{E6A268ED-3DFE-4D21-A01B-1E77422D9A8E}.Release|x64.ActiveCfg = Release|x64
		{E6A268ED-3DFE-4D21-A01B-1E77422D9A8E}.Release|x64.Build.0 = Release|x64
		{D6615132-07AE-494B-91B0-84C8BD5EFF23}.Release|x64.ActiveCfg = Release|x64
		{D6615132-07AE-494B-91B0-84C8BD5EFF23}.Release|x64.Build.0 = Release|x64
		{86FDB38F-C505-48F3-9ED6-3AD815066D59}.Release|x64.ActiveCfg = Release|x64
		{86FDB38F-C505-48F3-9ED6-3AD815066D59}.Release|x64.Build.0 = Release|x64
		{F142A341-5EE0-442D-A15F-98AE9B48DBAE}.Release|x64.ActiveCfg = Release|x64
		{F142A341-5EE0-442D-A15F-98AE9B48DBAE}.Release|x64.Build.0 = Release|x64
		{DE3BC2AD-2683-4D76-AD72-95D98164E9C7}.Release|x64.ActiveCfg = Release|x64
		{DE3BC2AD-2683-4D76-AD72-95D98164E9C7}.Release|x64.Build.0 = Release|x64
	EndGlobalSection
	GlobalSection(SolutionProperties) = preSolution
		HideSolutionNode = FALSE
	EndGlobalSection
	GlobalSection(ExtensibilityGlobals) = postSolution
		SolutionGuid = {59EE696C-5345-4B77-8BE2-BCA76CA5CDC6}
	EndGlobalSection
EndGlobal
