
Microsoft Visual Studio Solution File, Format Version 12.00
# Visual Studio Version 17
VisualStudioVersion = 17.2.32210.308
MinimumVisualStudioVersion = 10.0.40219.1
Project("{8BC9CEB8-8B4A-11D0-8D11-00A0C91BC942}") = "UnrealVRLoader", "UnrealVRLoader\UnrealVRLoader.vcxproj", "{D6615132-07AE-494B-91B0-84C8BD5EFF23}"
EndProject
Project("{8BC9CEB8-8B4A-11D0-8D11-00A0C91BC942}") = "libMinHook", "minhook\build\VC16\libMinHook.vcxproj", "{F142A341-5EE0-442D-A15F-98AE9B48DBAE}"
EndProject
Project("{8BC9CEB8-8B4A-11D0-8D11-00A0C91BC942}") = "UnrealEngineModLoader", "UnrealModLoader\UnrealEngineModLoader\UnrealEngineModLoader.vcxproj", "{DE3BC2AD-2683-4D76-AD72-95D98164E9C7}"
EndProject
Project("{2150E333-8FDC-42A3-9474-1A3956D46DE8}") = "Solution Items", "Solution Items", "{7C1C8400-8B57-4E8F-B04C-7F56FC146C56}"
	ProjectSection(SolutionItems) = preProject
		README.md = README.md
	EndProjectSection
EndProject
Project("{9A19103F-16F7-4668-BE54-9A1E7A4F7556}") = "UnrealVRLauncher", "UnrealVRLauncher\UnrealVRLauncher.csproj", "{F8C4A549-E621-4AA5-A8ED-8C2C12250C79}"
	ProjectSection(ProjectDependencies) = postProject
		{D6615132-07AE-494B-91B0-84C8BD5EFF23} = {D6615132-07AE-494B-91B0-84C8BD5EFF23}
		{DE3BC2AD-2683-4D76-AD72-95D98164E9C7} = {DE3BC2AD-2683-4D76-AD72-95D98164E9C7}
	EndProjectSection
EndProject
Global
	GlobalSection(SolutionConfigurationPlatforms) = preSolution
		Debug|arm64 = Debug|arm64
		Debug|x64 = Debug|x64
		Debug|x86 = Debug|x86
		Release|arm64 = Release|arm64
		Release|x64 = Release|x64
		Release|x86 = Release|x86
	EndGlobalSection
	GlobalSection(ProjectConfigurationPlatforms) = postSolution
		{D6615132-07AE-494B-91B0-84C8BD5EFF23}.Debug|arm64.ActiveCfg = Debug|x64
		{D6615132-07AE-494B-91B0-84C8BD5EFF23}.Debug|arm64.Build.0 = Debug|x64
		{D6615132-07AE-494B-91B0-84C8BD5EFF23}.Debug|x64.ActiveCfg = Debug|x64
		{D6615132-07AE-494B-91B0-84C8BD5EFF23}.Debug|x64.Build.0 = Debug|x64
		{D6615132-07AE-494B-91B0-84C8BD5EFF23}.Debug|x86.ActiveCfg = Debug|Win32
		{D6615132-07AE-494B-91B0-84C8BD5EFF23}.Debug|x86.Build.0 = Debug|Win32
		{D6615132-07AE-494B-91B0-84C8BD5EFF23}.Release|arm64.ActiveCfg = Release|x64
		{D6615132-07AE-494B-91B0-84C8BD5EFF23}.Release|arm64.Build.0 = Release|x64
		{D6615132-07AE-494B-91B0-84C8BD5EFF23}.Release|x64.ActiveCfg = Release|x64
		{D6615132-07AE-494B-91B0-84C8BD5EFF23}.Release|x64.Build.0 = Release|x64
		{D6615132-07AE-494B-91B0-84C8BD5EFF23}.Release|x86.ActiveCfg = Release|Win32
		{D6615132-07AE-494B-91B0-84C8BD5EFF23}.Release|x86.Build.0 = Release|Win32
		{F142A341-5EE0-442D-A15F-98AE9B48DBAE}.Debug|arm64.ActiveCfg = Debug|x64
		{F142A341-5EE0-442D-A15F-98AE9B48DBAE}.Debug|arm64.Build.0 = Debug|x64
		{F142A341-5EE0-442D-A15F-98AE9B48DBAE}.Debug|x64.ActiveCfg = Debug|x64
		{F142A341-5EE0-442D-A15F-98AE9B48DBAE}.Debug|x64.Build.0 = Debug|x64
		{F142A341-5EE0-442D-A15F-98AE9B48DBAE}.Debug|x86.ActiveCfg = Debug|Win32
		{F142A341-5EE0-442D-A15F-98AE9B48DBAE}.Debug|x86.Build.0 = Debug|Win32
		{F142A341-5EE0-442D-A15F-98AE9B48DBAE}.Release|arm64.ActiveCfg = Release|x64
		{F142A341-5EE0-442D-A15F-98AE9B48DBAE}.Release|arm64.Build.0 = Release|x64
		{F142A341-5EE0-442D-A15F-98AE9B48DBAE}.Release|x64.ActiveCfg = Release|x64
		{F142A341-5EE0-442D-A15F-98AE9B48DBAE}.Release|x64.Build.0 = Release|x64
		{F142A341-5EE0-442D-A15F-98AE9B48DBAE}.Release|x86.ActiveCfg = Release|Win32
		{F142A341-5EE0-442D-A15F-98AE9B48DBAE}.Release|x86.Build.0 = Release|Win32
		{DE3BC2AD-2683-4D76-AD72-95D98164E9C7}.Debug|arm64.ActiveCfg = Debug|x64
		{DE3BC2AD-2683-4D76-AD72-95D98164E9C7}.Debug|arm64.Build.0 = Debug|x64
		{DE3BC2AD-2683-4D76-AD72-95D98164E9C7}.Debug|x64.ActiveCfg = Debug|x64
		{DE3BC2AD-2683-4D76-AD72-95D98164E9C7}.Debug|x64.Build.0 = Debug|x64
		{DE3BC2AD-2683-4D76-AD72-95D98164E9C7}.Debug|x86.ActiveCfg = Debug|Win32
		{DE3BC2AD-2683-4D76-AD72-95D98164E9C7}.Debug|x86.Build.0 = Debug|Win32
		{DE3BC2AD-2683-4D76-AD72-95D98164E9C7}.Release|arm64.ActiveCfg = Release|x64
		{DE3BC2AD-2683-4D76-AD72-95D98164E9C7}.Release|arm64.Build.0 = Release|x64
		{DE3BC2AD-2683-4D76-AD72-95D98164E9C7}.Release|x64.ActiveCfg = Release|x64
		{DE3BC2AD-2683-4D76-AD72-95D98164E9C7}.Release|x64.Build.0 = Release|x64
		{DE3BC2AD-2683-4D76-AD72-95D98164E9C7}.Release|x86.ActiveCfg = Release|Win32
		{DE3BC2AD-2683-4D76-AD72-95D98164E9C7}.Release|x86.Build.0 = Release|Win32
		{F8C4A549-E621-4AA5-A8ED-8C2C12250C79}.Debug|arm64.ActiveCfg = Debug|arm64
		{F8C4A549-E621-4AA5-A8ED-8C2C12250C79}.Debug|arm64.Build.0 = Debug|arm64
		{F8C4A549-E621-4AA5-A8ED-8C2C12250C79}.Debug|arm64.Deploy.0 = Debug|arm64
		{F8C4A549-E621-4AA5-A8ED-8C2C12250C79}.Debug|x64.ActiveCfg = Debug|x64
		{F8C4A549-E621-4AA5-A8ED-8C2C12250C79}.Debug|x64.Build.0 = Debug|x64
		{F8C4A549-E621-4AA5-A8ED-8C2C12250C79}.Debug|x64.Deploy.0 = Debug|x64
		{F8C4A549-E621-4AA5-A8ED-8C2C12250C79}.Debug|x86.ActiveCfg = Debug|x86
		{F8C4A549-E621-4AA5-A8ED-8C2C12250C79}.Debug|x86.Build.0 = Debug|x86
		{F8C4A549-E621-4AA5-A8ED-8C2C12250C79}.Debug|x86.Deploy.0 = Debug|x86
		{F8C4A549-E621-4AA5-A8ED-8C2C12250C79}.Release|arm64.ActiveCfg = Release|arm64
		{F8C4A549-E621-4AA5-A8ED-8C2C12250C79}.Release|arm64.Build.0 = Release|arm64
		{F8C4A549-E621-4AA5-A8ED-8C2C12250C79}.Release|arm64.Deploy.0 = Release|arm64
		{F8C4A549-E621-4AA5-A8ED-8C2C12250C79}.Release|x64.ActiveCfg = Release|x64
		{F8C4A549-E621-4AA5-A8ED-8C2C12250C79}.Release|x64.Build.0 = Release|x64
		{F8C4A549-E621-4AA5-A8ED-8C2C12250C79}.Release|x64.Deploy.0 = Release|x64
		{F8C4A549-E621-4AA5-A8ED-8C2C12250C79}.Release|x86.ActiveCfg = Release|x86
		{F8C4A549-E621-4AA5-A8ED-8C2C12250C79}.Release|x86.Build.0 = Release|x86
		{F8C4A549-E621-4AA5-A8ED-8C2C12250C79}.Release|x86.Deploy.0 = Release|x86
	EndGlobalSection
	GlobalSection(SolutionProperties) = preSolution
		HideSolutionNode = FALSE
	EndGlobalSection
	GlobalSection(ExtensibilityGlobals) = postSolution
		SolutionGuid = {59EE696C-5345-4B77-8BE2-BCA76CA5CDC6}
	EndGlobalSection
EndGlobal
