<?xml version="1.0" encoding="utf-8"?>
<Project ToolsVersion="4.0" xmlns="http://schemas.microsoft.com/developer/msbuild/2003">
  <ItemGroup>
    <Filter Include="Source Files">
      <UniqueIdentifier>{4FC737F1-C7A5-4376-A066-2A32D752A2FF}</UniqueIdentifier>
      <Extensions>cpp;c;cc;cxx;c++;cppm;ixx;def;odl;idl;hpj;bat;asm;asmx</Extensions>
    </Filter>
    <Filter Include="Header Files">
      <UniqueIdentifier>{93995380-89BD-4b04-88EB-625FBE52EBFB}</UniqueIdentifier>
      <Extensions>h;hh;hpp;hxx;h++;hm;inl;inc;ipp;xsd</Extensions>
    </Filter>
    <Filter Include="DLL">
      <UniqueIdentifier>{fff1897c-8c3e-40cf-af1a-d18039623345}</UniqueIdentifier>
    </Filter>
    <Filter Include="Nuget">
      <UniqueIdentifier>{d12073c1-e910-468d-94c6-139fbc6a58b1}</UniqueIdentifier>
    </Filter>
    <Filter Include="Shader Files">
      <UniqueIdentifier>{ae281b08-9732-4a65-b42b-70030f232158}</UniqueIdentifier>
    </Filter>
  </ItemGroup>
  <ItemGroup>
    <ClCompile Include="dllmain.cpp">
      <Filter>DLL</Filter>
    </ClCompile>
    <ClCompile Include="UnrealVRLoader.cpp">
      <Filter>Source Files</Filter>
    </ClCompile>
    <ClCompile Include="..\UnrealModLoader\UnrealEngineModLoader\UE4\Basic.cpp">
      <Filter>Source Files</Filter>
    </ClCompile>
    <ClCompile Include="..\UnrealModLoader\UnrealEngineModLoader\UE4\CoreUObject_functions.cpp">
      <Filter>Source Files</Filter>
    </ClCompile>
    <ClCompile Include="UE4Extensions.cpp">
      <Filter>Source Files</Filter>
    </ClCompile>
    <ClCompile Include="HookHelper.cpp">
      <Filter>Source Files</Filter>
    </ClCompile>
    <ClCompile Include="PipeClientService.cpp">
      <Filter>Source Files</Filter>
    </ClCompile>
    <ClCompile Include="UE4Service.cpp">
      <Filter>Source Files</Filter>
    </ClCompile>
    <ClCompile Include="D3D11Service.cpp">
      <Filter>Source Files</Filter>
    </ClCompile>
    <ClCompile Include="OpenXRService.cpp">
      <Filter>Source Files</Filter>
    </ClCompile>
  </ItemGroup>
  <ItemGroup>
    <ClInclude Include="UnrealVRLoader.h">
      <Filter>Header Files</Filter>
    </ClInclude>
    <ClInclude Include="..\UnrealModLoader\UnrealEngineModLoader\UE4\Ue4.hpp">
      <Filter>Header Files</Filter>
    </ClInclude>
    <ClInclude Include="UE4Extensions.h">
      <Filter>Header Files</Filter>
    </ClInclude>
    <ClInclude Include="PipeClientService.h">
      <Filter>Header Files</Filter>
    </ClInclude>
    <ClInclude Include="HookHelper.h">
      <Filter>Header Files</Filter>
    </ClInclude>
    <ClInclude Include="UE4Service.h">
      <Filter>Header Files</Filter>
    </ClInclude>
    <ClInclude Include="D3D11Service.h">
      <Filter>Header Files</Filter>
    </ClInclude>
    <ClInclude Include="OpenXRService.h">
      <Filter>Header Files</Filter>
    </ClInclude>
  </ItemGroup>
  <ItemGroup>
    <None Include="packages.config">
      <Filter>Nuget</Filter>
    </None>
    <None Include="$(OpenXRLoaderBinaryRoot)\bin\openxr_loader.dll">
      <Filter>Nuget</Filter>
    </None>
  </ItemGroup>
  <ItemGroup>
    <FxCompile Include="PixelShader.hlsl">
      <Filter>Shader Files</Filter>
    </FxCompile>
    <FxCompile Include="VertexShader.hlsl">
      <Filter>Shader Files</Filter>
    </FxCompile>
  </ItemGroup>
</Project>